
Microsoft Visual Studio Solution File, Format Version 12.00
# Visual Studio 15
VisualStudioVersion = 15.0.27004.2008
MinimumVisualStudioVersion = 10.0.40219.1
Project("{FAE04EC0-301F-11D3-BF4B-00C04F79EFBC}") = "WebService", "WebService\WebService.csproj", "{8F421F9D-C025-4E2E-A928-40B5DEC80D07}"
EndProject
Project("{FAE04EC0-301F-11D3-BF4B-00C04F79EFBC}") = "WSCliente", "WindowsFormsApp1\WSCliente.csproj", "{BA36CD5A-4D30-449E-8E87-5CA04C7F8554}"
	ProjectSection(ProjectDependencies) = postProject
		{8F421F9D-C025-4E2E-A928-40B5DEC80D07} = {8F421F9D-C025-4E2E-A928-40B5DEC80D07}
	EndProjectSection
EndProject
Global
	GlobalSection(SolutionConfigurationPlatforms) = preSolution
		Debug|Any CPU = Debug|Any CPU
		Release|Any CPU = Release|Any CPU
	EndGlobalSection
	GlobalSection(ProjectConfigurationPlatforms) = postSolution
		{8F421F9D-C025-4E2E-A928-40B5DEC80D07}.Debug|Any CPU.ActiveCfg = Debug|Any CPU
		{8F421F9D-C025-4E2E-A928-40B5DEC80D07}.Debug|Any CPU.Build.0 = Debug|Any CPU
		{8F421F9D-C025-4E2E-A928-40B5DEC80D07}.Release|Any CPU.ActiveCfg = Release|Any CPU
		{8F421F9D-C025-4E2E-A928-40B5DEC80D07}.Release|Any CPU.Build.0 = Release|Any CPU
		{BA36CD5A-4D30-449E-8E87-5CA04C7F8554}.Debug|Any CPU.ActiveCfg = Debug|Any CPU
		{BA36CD5A-4D30-449E-8E87-5CA04C7F8554}.Debug|Any CPU.Build.0 = Debug|Any CPU
		{BA36CD5A-4D30-449E-8E87-5CA04C7F8554}.Release|Any CPU.ActiveCfg = Release|Any CPU
		{BA36CD5A-4D30-449E-8E87-5CA04C7F8554}.Release|Any CPU.Build.0 = Release|Any CPU
	EndGlobalSection
	GlobalSection(SolutionProperties) = preSolution
		HideSolutionNode = FALSE
	EndGlobalSection
	GlobalSection(ExtensibilityGlobals) = postSolution
		SolutionGuid = {34DF3E66-E83E-44BA-8920-F6AAD36C6361}
	EndGlobalSection
EndGlobal
